// !$*UTF8*$!
{
	archiveVersion = 1;
	classes = {
	};
	objectVersion = 46;
	objects = {

/* Begin PBXBuildFile section */
		63F15F961E82002C0070E79E /* AppDelegate.swift in Sources */ = {isa = PBXBuildFile; fileRef = 63F15F951E82002C0070E79E /* AppDelegate.swift */; };
		63F15F981E82002C0070E79E /* ViewController.swift in Sources */ = {isa = PBXBuildFile; fileRef = 63F15F971E82002C0070E79E /* ViewController.swift */; };
		63F15F9B1E82002C0070E79E /* Main.storyboard in Resources */ = {isa = PBXBuildFile; fileRef = 63F15F991E82002C0070E79E /* Main.storyboard */; };
		63F15F9E1E82002C0070E79E /* Producto.xcdatamodeld in Sources */ = {isa = PBXBuildFile; fileRef = 63F15F9C1E82002C0070E79E /* Producto.xcdatamodeld */; };
		63F15FA01E82002C0070E79E /* Assets.xcassets in Resources */ = {isa = PBXBuildFile; fileRef = 63F15F9F1E82002C0070E79E /* Assets.xcassets */; };
		63F15FA31E82002C0070E79E /* LaunchScreen.storyboard in Resources */ = {isa = PBXBuildFile; fileRef = 63F15FA11E82002C0070E79E /* LaunchScreen.storyboard */; };
		63F15FAE1E82002C0070E79E /* ProductoTests.swift in Sources */ = {isa = PBXBuildFile; fileRef = 63F15FAD1E82002C0070E79E /* ProductoTests.swift */; };
		63F15FB91E82002C0070E79E /* ProductoUITests.swift in Sources */ = {isa = PBXBuildFile; fileRef = 63F15FB81E82002C0070E79E /* ProductoUITests.swift */; };
/* End PBXBuildFile section */

/* Begin PBXContainerItemProxy section */
		63F15FAA1E82002C0070E79E /* PBXContainerItemProxy */ = {
			isa = PBXContainerItemProxy;
			containerPortal = 63F15F8A1E82002C0070E79E /* Project object */;
			proxyType = 1;
			remoteGlobalIDString = 63F15F911E82002C0070E79E;
			remoteInfo = Producto;
		};
		63F15FB51E82002C0070E79E /* PBXContainerItemProxy */ = {
			isa = PBXContainerItemProxy;
			containerPortal = 63F15F8A1E82002C0070E79E /* Project object */;
			proxyType = 1;
			remoteGlobalIDString = 63F15F911E82002C0070E79E;
			remoteInfo = Producto;
		};
/* End PBXContainerItemProxy section */

/* Begin PBXFileReference section */
		63F15F921E82002C0070E79E /* Producto.app */ = {isa = PBXFileReference; explicitFileType = wrapper.application; includeInIndex = 0; path = Producto.app; sourceTree = BUILT_PRODUCTS_DIR; };
		63F15F951E82002C0070E79E /* AppDelegate.swift */ = {isa = PBXFileReference; lastKnownFileType = sourcecode.swift; path = AppDelegate.swift; sourceTree = "<group>"; };
		63F15F971E82002C0070E79E /* ViewController.swift */ = {isa = PBXFileReference; lastKnownFileType = sourcecode.swift; path = ViewController.swift; sourceTree = "<group>"; };
		63F15F9A1E82002C0070E79E /* Base */ = {isa = PBXFileReference; lastKnownFileType = file.storyboard; name = Base; path = Base.lproj/Main.storyboard; sourceTree = "<group>"; };
		63F15F9D1E82002C0070E79E /* Producto.xcdatamodel */ = {isa = PBXFileReference; lastKnownFileType = wrapper.xcdatamodel; path = Producto.xcdatamodel; sourceTree = "<group>"; };
		63F15F9F1E82002C0070E79E /* Assets.xcassets */ = {isa = PBXFileReference; lastKnownFileType = folder.assetcatalog; path = Assets.xcassets; sourceTree = "<group>"; };
		63F15FA21E82002C0070E79E /* Base */ = {isa = PBXFileReference; lastKnownFileType = file.storyboard; name = Base; path = Base.lproj/LaunchScreen.storyboard; sourceTree = "<group>"; };
		63F15FA41E82002C0070E79E /* Info.plist */ = {isa = PBXFileReference; lastKnownFileType = text.plist.xml; path = Info.plist; sourceTree = "<group>"; };
		63F15FA91E82002C0070E79E /* ProductoTests.xctest */ = {isa = PBXFileReference; explicitFileType = wrapper.cfbundle; includeInIndex = 0; path = ProductoTests.xctest; sourceTree = BUILT_PRODUCTS_DIR; };
		63F15FAD1E82002C0070E79E /* ProductoTests.swift */ = {isa = PBXFileReference; lastKnownFileType = sourcecode.swift; path = ProductoTests.swift; sourceTree = "<group>"; };
		63F15FAF1E82002C0070E79E /* Info.plist */ = {isa = PBXFileReference; lastKnownFileType = text.plist.xml; path = Info.plist; sourceTree = "<group>"; };
		63F15FB41E82002C0070E79E /* ProductoUITests.xctest */ = {isa = PBXFileReference; explicitFileType = wrapper.cfbundle; includeInIndex = 0; path = ProductoUITests.xctest; sourceTree = BUILT_PRODUCTS_DIR; };
		63F15FB81E82002C0070E79E /* ProductoUITests.swift */ = {isa = PBXFileReference; lastKnownFileType = sourcecode.swift; path = ProductoUITests.swift; sourceTree = "<group>"; };
		63F15FBA1E82002C0070E79E /* Info.plist */ = {isa = PBXFileReference; lastKnownFileType = text.plist.xml; path = Info.plist; sourceTree = "<group>"; };
/* End PBXFileReference section */

/* Begin PBXFrameworksBuildPhase section */
		63F15F8F1E82002C0070E79E /* Frameworks */ = {
			isa = PBXFrameworksBuildPhase;
			buildActionMask = 2147483647;
			files = (
			);
			runOnlyForDeploymentPostprocessing = 0;
		};
		63F15FA61E82002C0070E79E /* Frameworks */ = {
			isa = PBXFrameworksBuildPhase;
			buildActionMask = 2147483647;
			files = (
			);
			runOnlyForDeploymentPostprocessing = 0;
		};
		63F15FB11E82002C0070E79E /* Frameworks */ = {
			isa = PBXFrameworksBuildPhase;
			buildActionMask = 2147483647;
			files = (
			);
			runOnlyForDeploymentPostprocessing = 0;
		};
/* End PBXFrameworksBuildPhase section */

/* Begin PBXGroup section */
		63F15F891E82002C0070E79E = {
			isa = PBXGroup;
			children = (
				63F15F941E82002C0070E79E /* Producto */,
				63F15FAC1E82002C0070E79E /* ProductoTests */,
				63F15FB71E82002C0070E79E /* ProductoUITests */,
				63F15F931E82002C0070E79E /* Products */,
			);
			sourceTree = "<group>";
		};
		63F15F931E82002C0070E79E /* Products */ = {
			isa = PBXGroup;
			children = (
				63F15F921E82002C0070E79E /* Producto.app */,
				63F15FA91E82002C0070E79E /* ProductoTests.xctest */,
				63F15FB41E82002C0070E79E /* ProductoUITests.xctest */,
			);
			name = Products;
			sourceTree = "<group>";
		};
		63F15F941E82002C0070E79E /* Producto */ = {
			isa = PBXGroup;
			children = (
				63F15F951E82002C0070E79E /* AppDelegate.swift */,
				63F15F971E82002C0070E79E /* ViewController.swift */,
				63F15F991E82002C0070E79E /* Main.storyboard */,
				63F15F9F1E82002C0070E79E /* Assets.xcassets */,
				63F15FA11E82002C0070E79E /* LaunchScreen.storyboard */,
				63F15FA41E82002C0070E79E /* Info.plist */,
				63F15F9C1E82002C0070E79E /* Producto.xcdatamodeld */,
			);
			path = Producto;
			sourceTree = "<group>";
		};
		63F15FAC1E82002C0070E79E /* ProductoTests */ = {
			isa = PBXGroup;
			children = (
				63F15FAD1E82002C0070E79E /* ProductoTests.swift */,
				63F15FAF1E82002C0070E79E /* Info.plist */,
			);
			path = ProductoTests;
			sourceTree = "<group>";
		};
		63F15FB71E82002C0070E79E /* ProductoUITests */ = {
			isa = PBXGroup;
			children = (
				63F15FB81E82002C0070E79E /* ProductoUITests.swift */,
				63F15FBA1E82002C0070E79E /* Info.plist */,
			);
			path = ProductoUITests;
			sourceTree = "<group>";
		};
/* End PBXGroup section */

/* Begin PBXNativeTarget section */
		63F15F911E82002C0070E79E /* Producto */ = {
			isa = PBXNativeTarget;
			buildConfigurationList = 63F15FBD1E82002C0070E79E /* Build configuration list for PBXNativeTarget "Producto" */;
			buildPhases = (
				63F15F8E1E82002C0070E79E /* Sources */,
				63F15F8F1E82002C0070E79E /* Frameworks */,
				63F15F901E82002C0070E79E /* Resources */,
			);
			buildRules = (
			);
			dependencies = (
			);
			name = Producto;
			productName = Producto;
			productReference = 63F15F921E82002C0070E79E /* Producto.app */;
			productType = "com.apple.product-type.application";
		};
		63F15FA81E82002C0070E79E /* ProductoTests */ = {
			isa = PBXNativeTarget;
			buildConfigurationList = 63F15FC01E82002C0070E79E /* Build configuration list for PBXNativeTarget "ProductoTests" */;
			buildPhases = (
				63F15FA51E82002C0070E79E /* Sources */,
				63F15FA61E82002C0070E79E /* Frameworks */,
				63F15FA71E82002C0070E79E /* Resources */,
			);
			buildRules = (
			);
			dependencies = (
				63F15FAB1E82002C0070E79E /* PBXTargetDependency */,
			);
			name = ProductoTests;
			productName = ProductoTests;
			productReference = 63F15FA91E82002C0070E79E /* ProductoTests.xctest */;
			productType = "com.apple.product-type.bundle.unit-test";
		};
		63F15FB31E82002C0070E79E /* ProductoUITests */ = {
			isa = PBXNativeTarget;
			buildConfigurationList = 63F15FC31E82002C0070E79E /* Build configuration list for PBXNativeTarget "ProductoUITests" */;
			buildPhases = (
				63F15FB01E82002C0070E79E /* Sources */,
				63F15FB11E82002C0070E79E /* Frameworks */,
				63F15FB21E82002C0070E79E /* Resources */,
			);
			buildRules = (
			);
			dependencies = (
				63F15FB61E82002C0070E79E /* PBXTargetDependency */,
			);
			name = ProductoUITests;
			productName = ProductoUITests;
			productReference = 63F15FB41E82002C0070E79E /* ProductoUITests.xctest */;
			productType = "com.apple.product-type.bundle.ui-testing";
		};
/* End PBXNativeTarget section */

/* Begin PBXProject section */
		63F15F8A1E82002C0070E79E /* Project object */ = {
			isa = PBXProject;
			attributes = {
				LastSwiftUpdateCheck = 0820;
				LastUpgradeCheck = 0820;
				ORGANIZATIONNAME = medicalia;
				TargetAttributes = {
					63F15F911E82002C0070E79E = {
						CreatedOnToolsVersion = 8.2.1;
						DevelopmentTeam = M84WRJP92R;
						ProvisioningStyle = Automatic;
					};
					63F15FA81E82002C0070E79E = {
						CreatedOnToolsVersion = 8.2.1;
						DevelopmentTeam = M84WRJP92R;
						ProvisioningStyle = Automatic;
						TestTargetID = 63F15F911E82002C0070E79E;
					};
					63F15FB31E82002C0070E79E = {
						CreatedOnToolsVersion = 8.2.1;
						DevelopmentTeam = M84WRJP92R;
						ProvisioningStyle = Automatic;
						TestTargetID = 63F15F911E82002C0070E79E;
					};
				};
			};
			buildConfigurationList = 63F15F8D1E82002C0070E79E /* Build configuration list for PBXProject "Producto" */;
			compatibilityVersion = "Xcode 3.2";
			developmentRegion = English;
			hasScannedForEncodings = 0;
			knownRegions = (
				en,
				Base,
			);
			mainGroup = 63F15F891E82002C0070E79E;
			productRefGroup = 63F15F931E82002C0070E79E /* Products */;
			projectDirPath = "";
			projectRoot = "";
			targets = (
				63F15F911E82002C0070E79E /* Producto */,
				63F15FA81E82002C0070E79E /* ProductoTests */,
				63F15FB31E82002C0070E79E /* ProductoUITests */,
			);
		};
/* End PBXProject section */

/* Begin PBXResourcesBuildPhase section */
		63F15F901E82002C0070E79E /* Resources */ = {
			isa = PBXResourcesBuildPhase;
			buildActionMask = 2147483647;
			files = (
				63F15FA31E82002C0070E79E /* LaunchScreen.storyboard in Resources */,
				63F15FA01E82002C0070E79E /* Assets.xcassets in Resources */,
				63F15F9B1E82002C0070E79E /* Main.storyboard in Resources */,
			);
			runOnlyForDeploymentPostprocessing = 0;
		};
		63F15FA71E82002C0070E79E /* Resources */ = {
			isa = PBXResourcesBuildPhase;
			buildActionMask = 2147483647;
			files = (
			);
			runOnlyForDeploymentPostprocessing = 0;
		};
		63F15FB21E82002C0070E79E /* Resources */ = {
			isa = PBXResourcesBuildPhase;
			buildActionMask = 2147483647;
			files = (
			);
			runOnlyForDeploymentPostprocessing = 0;
		};
/* End PBXResourcesBuildPhase section */

/* Begin PBXSourcesBuildPhase section */
		63F15F8E1E82002C0070E79E /* Sources */ = {
			isa = PBXSourcesBuildPhase;
			buildActionMask = 2147483647;
			files = (
				63F15F981E82002C0070E79E /* ViewController.swift in Sources */,
				63F15F961E82002C0070E79E /* AppDelegate.swift in Sources */,
				63F15F9E1E82002C0070E79E /* Producto.xcdatamodeld in Sources */,
			);
			runOnlyForDeploymentPostprocessing = 0;
		};
		63F15FA51E82002C0070E79E /* Sources */ = {
			isa = PBXSourcesBuildPhase;
			buildActionMask = 2147483647;
			files = (
				63F15FAE1E82002C0070E79E /* ProductoTests.swift in Sources */,
			);
			runOnlyForDeploymentPostprocessing = 0;
		};
		63F15FB01E82002C0070E79E /* Sources */ = {
			isa = PBXSourcesBuildPhase;
			buildActionMask = 2147483647;
			files = (
				63F15FB91E82002C0070E79E /* ProductoUITests.swift in Sources */,
			);
			runOnlyForDeploymentPostprocessing = 0;
		};
/* End PBXSourcesBuildPhase section */

/* Begin PBXTargetDependency section */
		63F15FAB1E82002C0070E79E /* PBXTargetDependency */ = {
			isa = PBXTargetDependency;
			target = 63F15F911E82002C0070E79E /* Producto */;
			targetProxy = 63F15FAA1E82002C0070E79E /* PBXContainerItemProxy */;
		};
		63F15FB61E82002C0070E79E /* PBXTargetDependency */ = {
			isa = PBXTargetDependency;
			target = 63F15F911E82002C0070E79E /* Producto */;
			targetProxy = 63F15FB51E82002C0070E79E /* PBXContainerItemProxy */;
		};
/* End PBXTargetDependency section */

/* Begin PBXVariantGroup section */
		63F15F991E82002C0070E79E /* Main.storyboard */ = {
			isa = PBXVariantGroup;
			children = (
				63F15F9A1E82002C0070E79E /* Base */,
			);
			name = Main.storyboard;
			sourceTree = "<group>";
		};
		63F15FA11E82002C0070E79E /* LaunchScreen.storyboard */ = {
			isa = PBXVariantGroup;
			children = (
				63F15FA21E82002C0070E79E /* Base */,
			);
			name = LaunchScreen.storyboard;
			sourceTree = "<group>";
		};
/* End PBXVariantGroup section */

/* Begin XCBuildConfiguration section */
		63F15FBB1E82002C0070E79E /* Debug */ = {
			isa = XCBuildConfiguration;
			buildSettings = {
				ALWAYS_SEARCH_USER_PATHS = NO;
				CLANG_ANALYZER_NONNULL = YES;
				CLANG_CXX_LANGUAGE_STANDARD = "gnu++0x";
				CLANG_CXX_LIBRARY = "libc++";
				CLANG_ENABLE_MODULES = YES;
				CLANG_ENABLE_OBJC_ARC = YES;
				CLANG_WARN_BOOL_CONVERSION = YES;
				CLANG_WARN_CONSTANT_CONVERSION = YES;
				CLANG_WARN_DIRECT_OBJC_ISA_USAGE = YES_ERROR;
				CLANG_WARN_DOCUMENTATION_COMMENTS = YES;
				CLANG_WARN_EMPTY_BODY = YES;
				CLANG_WARN_ENUM_CONVERSION = YES;
				CLANG_WARN_INFINITE_RECURSION = YES;
				CLANG_WARN_INT_CONVERSION = YES;
				CLANG_WARN_OBJC_ROOT_CLASS = YES_ERROR;
				CLANG_WARN_SUSPICIOUS_MOVE = YES;
				CLANG_WARN_UNREACHABLE_CODE = YES;
				CLANG_WARN__DUPLICATE_METHOD_MATCH = YES;
				"CODE_SIGN_IDENTITY[sdk=iphoneos*]" = "iPhone Developer";
				COPY_PHASE_STRIP = NO;
				DEBUG_INFORMATION_FORMAT = dwarf;
				ENABLE_STRICT_OBJC_MSGSEND = YES;
				ENABLE_TESTABILITY = YES;
				GCC_C_LANGUAGE_STANDARD = gnu99;
				GCC_DYNAMIC_NO_PIC = NO;
				GCC_NO_COMMON_BLOCKS = YES;
				GCC_OPTIMIZATION_LEVEL = 0;
				GCC_PREPROCESSOR_DEFINITIONS = (
					"DEBUG=1",
					"$(inherited)",
				);
				GCC_WARN_64_TO_32_BIT_CONVERSION = YES;
				GCC_WARN_ABOUT_RETURN_TYPE = YES_ERROR;
				GCC_WARN_UNDECLARED_SELECTOR = YES;
				GCC_WARN_UNINITIALIZED_AUTOS = YES_AGGRESSIVE;
				GCC_WARN_UNUSED_FUNCTION = YES;
				GCC_WARN_UNUSED_VARIABLE = YES;
				IPHONEOS_DEPLOYMENT_TARGET = 10.2;
				MTL_ENABLE_DEBUG_INFO = YES;
				ONLY_ACTIVE_ARCH = YES;
				SDKROOT = iphoneos;
				SWIFT_ACTIVE_COMPILATION_CONDITIONS = DEBUG;
				SWIFT_OPTIMIZATION_LEVEL = "-Onone";
				TARGETED_DEVICE_FAMILY = "1,2";
			};
			name = Debug;
		};
		63F15FBC1E82002C0070E79E /* Release */ = {
			isa = XCBuildConfiguration;
			buildSettings = {
				ALWAYS_SEARCH_USER_PATHS = NO;
				CLANG_ANALYZER_NONNULL = YES;
				CLANG_CXX_LANGUAGE_STANDARD = "gnu++0x";
				CLANG_CXX_LIBRARY = "libc++";
				CLANG_ENABLE_MODULES = YES;
				CLANG_ENABLE_OBJC_ARC = YES;
				CLANG_WARN_BOOL_CONVERSION = YES;
				CLANG_WARN_CONSTANT_CONVERSION = YES;
				CLANG_WARN_DIRECT_OBJC_ISA_USAGE = YES_ERROR;
				CLANG_WARN_DOCUMENTATION_COMMENTS = YES;
				CLANG_WARN_EMPTY_BODY = YES;
				CLANG_WARN_ENUM_CONVERSION = YES;
				CLANG_WARN_INFINITE_RECURSION = YES;
				CLANG_WARN_INT_CONVERSION = YES;
				CLANG_WARN_OBJC_ROOT_CLASS = YES_ERROR;
				CLANG_WARN_SUSPICIOUS_MOVE = YES;
				CLANG_WARN_UNREACHABLE_CODE = YES;
				CLANG_WARN__DUPLICATE_METHOD_MATCH = YES;
				"CODE_SIGN_IDENTITY[sdk=iphoneos*]" = "iPhone Developer";
				COPY_PHASE_STRIP = NO;
				DEBUG_INFORMATION_FORMAT = "dwarf-with-dsym";
				ENABLE_NS_ASSERTIONS = NO;
				ENABLE_STRICT_OBJC_MSGSEND = YES;
				GCC_C_LANGUAGE_STANDARD = gnu99;
				GCC_NO_COMMON_BLOCKS = YES;
				GCC_WARN_64_TO_32_BIT_CONVERSION = YES;
				GCC_WARN_ABOUT_RETURN_TYPE = YES_ERROR;
				GCC_WARN_UNDECLARED_SELECTOR = YES;
				GCC_WARN_UNINITIALIZED_AUTOS = YES_AGGRESSIVE;
				GCC_WARN_UNUSED_FUNCTION = YES;
				GCC_WARN_UNUSED_VARIABLE = YES;
				IPHONEOS_DEPLOYMENT_TARGET = 10.2;
				MTL_ENABLE_DEBUG_INFO = NO;
				SDKROOT = iphoneos;
				SWIFT_OPTIMIZATION_LEVEL = "-Owholemodule";
				TARGETED_DEVICE_FAMILY = "1,2";
				VALIDATE_PRODUCT = YES;
			};
			name = Release;
		};
		63F15FBE1E82002C0070E79E /* Debug */ = {
			isa = XCBuildConfiguration;
			buildSettings = {
				ASSETCATALOG_COMPILER_APPICON_NAME = AppIcon;
				DEVELOPMENT_TEAM = M84WRJP92R;
				INFOPLIST_FILE = Producto/Info.plist;
				LD_RUNPATH_SEARCH_PATHS = "$(inherited) @executable_path/Frameworks";
				PRODUCT_BUNDLE_IDENTIFIER = medicalia.Producto;
				PRODUCT_NAME = "$(TARGET_NAME)";
				SWIFT_VERSION = 3.0;
			};
			name = Debug;
		};
		63F15FBF1E82002C0070E79E /* Release */ = {
			isa = XCBuildConfiguration;
			buildSettings = {
				ASSETCATALOG_COMPILER_APPICON_NAME = AppIcon;
				DEVELOPMENT_TEAM = M84WRJP92R;
				INFOPLIST_FILE = Producto/Info.plist;
				LD_RUNPATH_SEARCH_PATHS = "$(inherited) @executable_path/Frameworks";
				PRODUCT_BUNDLE_IDENTIFIER = medicalia.Producto;
				PRODUCT_NAME = "$(TARGET_NAME)";
				SWIFT_VERSION = 3.0;
			};
			name = Release;
		};
		63F15FC11E82002C0070E79E /* Debug */ = {
			isa = XCBuildConfiguration;
			buildSettings = {
				ALWAYS_EMBED_SWIFT_STANDARD_LIBRARIES = YES;
				BUNDLE_LOADER = "$(TEST_HOST)";
				DEVELOPMENT_TEAM = M84WRJP92R;
				INFOPLIST_FILE = ProductoTests/Info.plist;
				LD_RUNPATH_SEARCH_PATHS = "$(inherited) @executable_path/Frameworks @loader_path/Frameworks";
				PRODUCT_BUNDLE_IDENTIFIER = medicalia.ProductoTests;
				PRODUCT_NAME = "$(TARGET_NAME)";
				SWIFT_VERSION = 3.0;
				TEST_HOST = "$(BUILT_PRODUCTS_DIR)/Producto.app/Producto";
			};
			name = Debug;
		};
		63F15FC21E82002C0070E79E /* Release */ = {
			isa = XCBuildConfiguration;
			buildSettings = {
				ALWAYS_EMBED_SWIFT_STANDARD_LIBRARIES = YES;
				BUNDLE_LOADER = "$(TEST_HOST)";
				DEVELOPMENT_TEAM = M84WRJP92R;
				INFOPLIST_FILE = ProductoTests/Info.plist;
				LD_RUNPATH_SEARCH_PATHS = "$(inherited) @executable_path/Frameworks @loader_path/Frameworks";
				PRODUCT_BUNDLE_IDENTIFIER = medicalia.ProductoTests;
				PRODUCT_NAME = "$(TARGET_NAME)";
				SWIFT_VERSION = 3.0;
				TEST_HOST = "$(BUILT_PRODUCTS_DIR)/Producto.app/Producto";
			};
			name = Release;
		};
		63F15FC41E82002C0070E79E /* Debug */ = {
			isa = XCBuildConfiguration;
			buildSettings = {
				ALWAYS_EMBED_SWIFT_STANDARD_LIBRARIES = YES;
				DEVELOPMENT_TEAM = M84WRJP92R;
				INFOPLIST_FILE = ProductoUITests/Info.plist;
				LD_RUNPATH_SEARCH_PATHS = "$(inherited) @executable_path/Frameworks @loader_path/Frameworks";
				PRODUCT_BUNDLE_IDENTIFIER = medicalia.ProductoUITests;
				PRODUCT_NAME = "$(TARGET_NAME)";
				SWIFT_VERSION = 3.0;
				TEST_TARGET_NAME = Producto;
			};
			name = Debug;
		};
		63F15FC51E82002C0070E79E /* Release */ = {
			isa = XCBuildConfiguration;
			buildSettings = {
				ALWAYS_EMBED_SWIFT_STANDARD_LIBRARIES = YES;
				DEVELOPMENT_TEAM = M84WRJP92R;
				INFOPLIST_FILE = ProductoUITests/Info.plist;
				LD_RUNPATH_SEARCH_PATHS = "$(inherited) @executable_path/Frameworks @loader_path/Frameworks";
				PRODUCT_BUNDLE_IDENTIFIER = medicalia.ProductoUITests;
				PRODUCT_NAME = "$(TARGET_NAME)";
				SWIFT_VERSION = 3.0;
				TEST_TARGET_NAME = Producto;
			};
			name = Release;
		};
/* End XCBuildConfiguration section */

/* Begin XCConfigurationList section */
		63F15F8D1E82002C0070E79E /* Build configuration list for PBXProject "Producto" */ = {
			isa = XCConfigurationList;
			buildConfigurations = (
				63F15FBB1E82002C0070E79E /* Debug */,
				63F15FBC1E82002C0070E79E /* Release */,
			);
			defaultConfigurationIsVisible = 0;
			defaultConfigurationName = Release;
		};
		63F15FBD1E82002C0070E79E /* Build configuration list for PBXNativeTarget "Producto" */ = {
			isa = XCConfigurationList;
			buildConfigurations = (
				63F15FBE1E82002C0070E79E /* Debug */,
				63F15FBF1E82002C0070E79E /* Release */,
			);
			defaultConfigurationIsVisible = 0;
		};
		63F15FC01E82002C0070E79E /* Build configuration list for PBXNativeTarget "ProductoTests" */ = {
			isa = XCConfigurationList;
			buildConfigurations = (
				63F15FC11E82002C0070E79E /* Debug */,
				63F15FC21E82002C0070E79E /* Release */,
			);
			defaultConfigurationIsVisible = 0;
		};
		63F15FC31E82002C0070E79E /* Build configuration list for PBXNativeTarget "ProductoUITests" */ = {
			isa = XCConfigurationList;
			buildConfigurations = (
				63F15FC41E82002C0070E79E /* Debug */,
				63F15FC51E82002C0070E79E /* Release */,
			);
			defaultConfigurationIsVisible = 0;
		};
/* End XCConfigurationList section */

/* Begin XCVersionGroup section */
		63F15F9C1E82002C0070E79E /* Producto.xcdatamodeld */ = {
			isa = XCVersionGroup;
			children = (
				63F15F9D1E82002C0070E79E /* Producto.xcdatamodel */,
			);
			currentVersion = 63F15F9D1E82002C0070E79E /* Producto.xcdatamodel */;
			path = Producto.xcdatamodeld;
			sourceTree = "<group>";
			versionGroupType = wrapper.xcdatamodel;
		};
/* End XCVersionGroup section */
	};
	rootObject = 63F15F8A1E82002C0070E79E /* Project object */;
}
